
Microsoft Visual Studio Solution File, Format Version 12.00
# Visual Studio Version 18
VisualStudioVersion = 18.0.11222.15 d18.0
MinimumVisualStudioVersion = 10.0.40219.1
Project("{FAE04EC0-301F-11D3-BF4B-00C04F79EFBC}") = "BankingApp", "BankingApp\BankingApp.csproj", "{FCD3AF0F-9421-437D-9A35-799B22028EB1}"
EndProject
Global
	GlobalSection(SolutionConfigurationPlatforms) = preSolution
		Debug|Any CPU = Debug|Any CPU
		Release|Any CPU = Release|Any CPU
	EndGlobalSection
	GlobalSection(ProjectConfigurationPlatforms) = postSolution
		{FCD3AF0F-9421-437D-9A35-799B22028EB1}.Debug|Any CPU.ActiveCfg = Debug|Any CPU
		{FCD3AF0F-9421-437D-9A35-799B22028EB1}.Debug|Any CPU.Build.0 = Debug|Any CPU
		{FCD3AF0F-9421-437D-9A35-799B22028EB1}.Release|Any CPU.ActiveCfg = Release|Any CPU
		{FCD3AF0F-9421-437D-9A35-799B22028EB1}.Release|Any CPU.Build.0 = Release|Any CPU
	EndGlobalSection
	GlobalSection(SolutionProperties) = preSolution
		HideSolutionNode = FALSE
	EndGlobalSection
	GlobalSection(ExtensibilityGlobals) = postSolution
		SolutionGuid = {424AF6BC-46B6-4BAF-996C-98817601F11D}
	EndGlobalSection
EndGlobal
